
Microsoft Visual Studio Solution File, Format Version 12.00
Project("{FAE04EC0-301F-11D3-BF4B-00C04F79EFBC}") = "LunarAspMethods", "LunarAspMethods\LunarAspMethods.csproj", "{FCD443E0-9A67-43EA-B698-B0DE3EEFC747}"
EndProject
Project("{FAE04EC0-301F-11D3-BF4B-00C04F79EFBC}") = "LunarExtension", "LunarExtension\LunarExtension.csproj", "{AA283267-3928-40A2-9ED6-5A55547DE328}"
EndProject
Project("{FAE04EC0-301F-11D3-BF4B-00C04F79EFBC}") = "LunarUnitTests", "LunarUnitTests\LunarUnitTests.csproj", "{90D56BB2-5C8E-474C-B2BC-FB08BEE137BA}"
EndProject
Global
	GlobalSection(SolutionConfigurationPlatforms) = preSolution
		Debug|Any CPU = Debug|Any CPU
		Release|Any CPU = Release|Any CPU
	EndGlobalSection
	GlobalSection(ProjectConfigurationPlatforms) = postSolution
		{FCD443E0-9A67-43EA-B698-B0DE3EEFC747}.Debug|Any CPU.ActiveCfg = Debug|Any CPU
		{FCD443E0-9A67-43EA-B698-B0DE3EEFC747}.Debug|Any CPU.Build.0 = Debug|Any CPU
		{FCD443E0-9A67-43EA-B698-B0DE3EEFC747}.Release|Any CPU.ActiveCfg = Release|Any CPU
		{FCD443E0-9A67-43EA-B698-B0DE3EEFC747}.Release|Any CPU.Build.0 = Release|Any CPU
		{AA283267-3928-40A2-9ED6-5A55547DE328}.Debug|Any CPU.ActiveCfg = Debug|Any CPU
		{AA283267-3928-40A2-9ED6-5A55547DE328}.Debug|Any CPU.Build.0 = Debug|Any CPU
		{AA283267-3928-40A2-9ED6-5A55547DE328}.Release|Any CPU.ActiveCfg = Release|Any CPU
		{AA283267-3928-40A2-9ED6-5A55547DE328}.Release|Any CPU.Build.0 = Release|Any CPU
		{90D56BB2-5C8E-474C-B2BC-FB08BEE137BA}.Debug|Any CPU.ActiveCfg = Debug|Any CPU
		{90D56BB2-5C8E-474C-B2BC-FB08BEE137BA}.Debug|Any CPU.Build.0 = Debug|Any CPU
		{90D56BB2-5C8E-474C-B2BC-FB08BEE137BA}.Release|Any CPU.ActiveCfg = Release|Any CPU
		{90D56BB2-5C8E-474C-B2BC-FB08BEE137BA}.Release|Any CPU.Build.0 = Release|Any CPU
	EndGlobalSection
EndGlobal
